
Microsoft Visual Studio Solution File, Format Version 12.00
# Visual Studio Version 17
VisualStudioVersion = 17.13.35931.197 d17.13
MinimumVisualStudioVersion = 10.0.40219.1
Project("{FAE04EC0-301F-11D3-BF4B-00C04F79EFBC}") = "ProjectWeb1", "ProjectWeb1\ProjectWeb1.csproj", "{F12AD8EC-F814-4A13-9032-1DD89D6838B5}"
EndProject
Global
	GlobalSection(SolutionConfigurationPlatforms) = preSolution
		Debug|Any CPU = Debug|Any CPU
		Release|Any CPU = Release|Any CPU
	EndGlobalSection
	GlobalSection(ProjectConfigurationPlatforms) = postSolution
		{F12AD8EC-F814-4A13-9032-1DD89D6838B5}.Debug|Any CPU.ActiveCfg = Debug|Any CPU
		{F12AD8EC-F814-4A13-9032-1DD89D6838B5}.Debug|Any CPU.Build.0 = Debug|Any CPU
		{F12AD8EC-F814-4A13-9032-1DD89D6838B5}.Release|Any CPU.ActiveCfg = Release|Any CPU
		{F12AD8EC-F814-4A13-9032-1DD89D6838B5}.Release|Any CPU.Build.0 = Release|Any CPU
	EndGlobalSection
	GlobalSection(SolutionProperties) = preSolution
		HideSolutionNode = FALSE
	EndGlobalSection
	GlobalSection(ExtensibilityGlobals) = postSolution
		SolutionGuid = {76C8381D-8574-45AB-9A01-57D067F8B6FD}
	EndGlobalSection
EndGlobal
